
Microsoft Visual Studio Solution File, Format Version 12.00
# Visual Studio Version 17
VisualStudioVersion = 17.0.32126.317
MinimumVisualStudioVersion = 10.0.40219.1
Project("{FAE04EC0-301F-11D3-BF4B-00C04F79EFBC}") = "Fluff", "Fluff\Fluff.csproj", "{15075DAF-AE7A-46E2-AF43-3185A5C5E3C1}"
EndProject
Global
	GlobalSection(SolutionConfigurationPlatforms) = preSolution
		Debug|ARM = Debug|ARM
		Debug|ARM64 = Debug|ARM64
		Debug|x64 = Debug|x64
		Debug|x86 = Debug|x86
		FLuff|ARM = FLuff|ARM
		FLuff|ARM64 = FLuff|ARM64
		FLuff|x64 = FLuff|x64
		FLuff|x86 = FLuff|x86
		Release|ARM = Release|ARM
		Release|ARM64 = Release|ARM64
		Release|x64 = Release|x64
		Release|x86 = Release|x86
	EndGlobalSection
	GlobalSection(ProjectConfigurationPlatforms) = postSolution
		{15075DAF-AE7A-46E2-AF43-3185A5C5E3C1}.Debug|ARM.ActiveCfg = Debug|ARM
		{15075DAF-AE7A-46E2-AF43-3185A5C5E3C1}.Debug|ARM.Build.0 = Debug|ARM
		{15075DAF-AE7A-46E2-AF43-3185A5C5E3C1}.Debug|ARM.Deploy.0 = Debug|ARM
		{15075DAF-AE7A-46E2-AF43-3185A5C5E3C1}.Debug|ARM64.ActiveCfg = Debug|ARM64
		{15075DAF-AE7A-46E2-AF43-3185A5C5E3C1}.Debug|ARM64.Build.0 = Debug|ARM64
		{15075DAF-AE7A-46E2-AF43-3185A5C5E3C1}.Debug|ARM64.Deploy.0 = Debug|ARM64
		{15075DAF-AE7A-46E2-AF43-3185A5C5E3C1}.Debug|x64.ActiveCfg = Debug|x64
		{15075DAF-AE7A-46E2-AF43-3185A5C5E3C1}.Debug|x64.Build.0 = Debug|x64
		{15075DAF-AE7A-46E2-AF43-3185A5C5E3C1}.Debug|x64.Deploy.0 = Debug|x64
		{15075DAF-AE7A-46E2-AF43-3185A5C5E3C1}.Debug|x86.ActiveCfg = Debug|x86
		{15075DAF-AE7A-46E2-AF43-3185A5C5E3C1}.Debug|x86.Build.0 = Debug|x86
		{15075DAF-AE7A-46E2-AF43-3185A5C5E3C1}.Debug|x86.Deploy.0 = Debug|x86
		{15075DAF-AE7A-46E2-AF43-3185A5C5E3C1}.FLuff|ARM.ActiveCfg = FLuff|ARM
		{15075DAF-AE7A-46E2-AF43-3185A5C5E3C1}.FLuff|ARM.Build.0 = FLuff|ARM
		{15075DAF-AE7A-46E2-AF43-3185A5C5E3C1}.FLuff|ARM.Deploy.0 = FLuff|ARM
		{15075DAF-AE7A-46E2-AF43-3185A5C5E3C1}.FLuff|ARM64.ActiveCfg = FLuff|ARM64
		{15075DAF-AE7A-46E2-AF43-3185A5C5E3C1}.FLuff|ARM64.Build.0 = FLuff|ARM64
		{15075DAF-AE7A-46E2-AF43-3185A5C5E3C1}.FLuff|ARM64.Deploy.0 = FLuff|ARM64
		{15075DAF-AE7A-46E2-AF43-3185A5C5E3C1}.FLuff|x64.ActiveCfg = FLuff|x64
		{15075DAF-AE7A-46E2-AF43-3185A5C5E3C1}.FLuff|x64.Build.0 = FLuff|x64
		{15075DAF-AE7A-46E2-AF43-3185A5C5E3C1}.FLuff|x64.Deploy.0 = FLuff|x64
		{15075DAF-AE7A-46E2-AF43-3185A5C5E3C1}.FLuff|x86.ActiveCfg = FLuff|x86
		{15075DAF-AE7A-46E2-AF43-3185A5C5E3C1}.FLuff|x86.Build.0 = FLuff|x86
		{15075DAF-AE7A-46E2-AF43-3185A5C5E3C1}.FLuff|x86.Deploy.0 = FLuff|x86
		{15075DAF-AE7A-46E2-AF43-3185A5C5E3C1}.Release|ARM.ActiveCfg = Release|ARM
		{15075DAF-AE7A-46E2-AF43-3185A5C5E3C1}.Release|ARM.Build.0 = Release|ARM
		{15075DAF-AE7A-46E2-AF43-3185A5C5E3C1}.Release|ARM.Deploy.0 = Release|ARM
		{15075DAF-AE7A-46E2-AF43-3185A5C5E3C1}.Release|ARM64.ActiveCfg = Release|ARM64
		{15075DAF-AE7A-46E2-AF43-3185A5C5E3C1}.Release|ARM64.Build.0 = Release|ARM64
		{15075DAF-AE7A-46E2-AF43-3185A5C5E3C1}.Release|ARM64.Deploy.0 = Release|ARM64
		{15075DAF-AE7A-46E2-AF43-3185A5C5E3C1}.Release|x64.ActiveCfg = Release|x64
		{15075DAF-AE7A-46E2-AF43-3185A5C5E3C1}.Release|x64.Build.0 = Release|x64
		{15075DAF-AE7A-46E2-AF43-3185A5C5E3C1}.Release|x64.Deploy.0 = Release|x64
		{15075DAF-AE7A-46E2-AF43-3185A5C5E3C1}.Release|x86.ActiveCfg = Release|x86
		{15075DAF-AE7A-46E2-AF43-3185A5C5E3C1}.Release|x86.Build.0 = Release|x86
		{15075DAF-AE7A-46E2-AF43-3185A5C5E3C1}.Release|x86.Deploy.0 = Release|x86
	EndGlobalSection
	GlobalSection(SolutionProperties) = preSolution
		HideSolutionNode = FALSE
	EndGlobalSection
	GlobalSection(ExtensibilityGlobals) = postSolution
		SolutionGuid = {97DF29D9-0C9D-4240-A293-8D14C58BF946}
	EndGlobalSection
EndGlobal
